
Microsoft Visual Studio Solution File, Format Version 12.00
# Visual Studio Version 16
VisualStudioVersion = 16.0.30804.86
MinimumVisualStudioVersion = 10.0.40219.1
Project("{FAE04EC0-301F-11D3-BF4B-00C04F79EFBC}") = "Administratie", "Administratie\Administratie.csproj", "{E731E323-5B10-4AD2-B5D7-41891737348A}"
EndProject
Global
	GlobalSection(SolutionConfigurationPlatforms) = preSolution
		Debug|Any CPU = Debug|Any CPU
		Release|Any CPU = Release|Any CPU
	EndGlobalSection
	GlobalSection(ProjectConfigurationPlatforms) = postSolution
		{E731E323-5B10-4AD2-B5D7-41891737348A}.Debug|Any CPU.ActiveCfg = Debug|Any CPU
		{E731E323-5B10-4AD2-B5D7-41891737348A}.Debug|Any CPU.Build.0 = Debug|Any CPU
		{E731E323-5B10-4AD2-B5D7-41891737348A}.Release|Any CPU.ActiveCfg = Release|Any CPU
		{E731E323-5B10-4AD2-B5D7-41891737348A}.Release|Any CPU.Build.0 = Release|Any CPU
	EndGlobalSection
	GlobalSection(SolutionProperties) = preSolution
		HideSolutionNode = FALSE
	EndGlobalSection
	GlobalSection(ExtensibilityGlobals) = postSolution
		SolutionGuid = {CB06498E-B996-475E-AB38-78E8E0897DE9}
	EndGlobalSection
EndGlobal
